// !$*UTF8*$!
{
	archiveVersion = 1;
	classes = {
	};
	objectVersion = 56;
	objects = {

/* Begin PBXBuildFile section */
		AEE23A5C2A3292E400332980 /* AppDelegate.swift in Sources */ = {isa = PBXBuildFile; fileRef = AEE23A5B2A3292E400332980 /* AppDelegate.swift */; };
		AEE23A5E2A3292E400332980 /* SceneDelegate.swift in Sources */ = {isa = PBXBuildFile; fileRef = AEE23A5D2A3292E400332980 /* SceneDelegate.swift */; };
		AEE23A602A3292E400332980 /* ViewController.swift in Sources */ = {isa = PBXBuildFile; fileRef = AEE23A5F2A3292E400332980 /* ViewController.swift */; };
		AEE23A632A3292E400332980 /* Main.storyboard in Resources */ = {isa = PBXBuildFile; fileRef = AEE23A612A3292E400332980 /* Main.storyboard */; };
		AEE23A652A3292E800332980 /* Assets.xcassets in Resources */ = {isa = PBXBuildFile; fileRef = AEE23A642A3292E800332980 /* Assets.xcassets */; };
		AEE23A682A3292E800332980 /* LaunchScreen.storyboard in Resources */ = {isa = PBXBuildFile; fileRef = AEE23A662A3292E800332980 /* LaunchScreen.storyboard */; };
		AEE23A732A3292E800332980 /* SigmaSquadTests.swift in Sources */ = {isa = PBXBuildFile; fileRef = AEE23A722A3292E800332980 /* SigmaSquadTests.swift */; };
		AEE23A7D2A3292E800332980 /* SigmaSquadUITests.swift in Sources */ = {isa = PBXBuildFile; fileRef = AEE23A7C2A3292E800332980 /* SigmaSquadUITests.swift */; };
		AEE23A7F2A3292E800332980 /* SigmaSquadUITestsLaunchTests.swift in Sources */ = {isa = PBXBuildFile; fileRef = AEE23A7E2A3292E800332980 /* SigmaSquadUITestsLaunchTests.swift */; };
/* End PBXBuildFile section */

/* Begin PBXContainerItemProxy section */
		AEE23A6F2A3292E800332980 /* PBXContainerItemProxy */ = {
			isa = PBXContainerItemProxy;
			containerPortal = AEE23A502A3292E300332980 /* Project object */;
			proxyType = 1;
			remoteGlobalIDString = AEE23A572A3292E400332980;
			remoteInfo = SigmaSquad;
		};
		AEE23A792A3292E800332980 /* PBXContainerItemProxy */ = {
			isa = PBXContainerItemProxy;
			containerPortal = AEE23A502A3292E300332980 /* Project object */;
			proxyType = 1;
			remoteGlobalIDString = AEE23A572A3292E400332980;
			remoteInfo = SigmaSquad;
		};
/* End PBXContainerItemProxy section */

/* Begin PBXFileReference section */
		AEE23A582A3292E400332980 /* SigmaSquad.app */ = {isa = PBXFileReference; explicitFileType = wrapper.application; includeInIndex = 0; path = SigmaSquad.app; sourceTree = BUILT_PRODUCTS_DIR; };
		AEE23A5B2A3292E400332980 /* AppDelegate.swift */ = {isa = PBXFileReference; lastKnownFileType = sourcecode.swift; path = AppDelegate.swift; sourceTree = "<group>"; };
		AEE23A5D2A3292E400332980 /* SceneDelegate.swift */ = {isa = PBXFileReference; lastKnownFileType = sourcecode.swift; path = SceneDelegate.swift; sourceTree = "<group>"; };
		AEE23A5F2A3292E400332980 /* ViewController.swift */ = {isa = PBXFileReference; lastKnownFileType = sourcecode.swift; path = ViewController.swift; sourceTree = "<group>"; };
		AEE23A622A3292E400332980 /* Base */ = {isa = PBXFileReference; lastKnownFileType = file.storyboard; name = Base; path = Base.lproj/Main.storyboard; sourceTree = "<group>"; };
		AEE23A642A3292E800332980 /* Assets.xcassets */ = {isa = PBXFileReference; lastKnownFileType = folder.assetcatalog; path = Assets.xcassets; sourceTree = "<group>"; };
		AEE23A672A3292E800332980 /* Base */ = {isa = PBXFileReference; lastKnownFileType = file.storyboard; name = Base; path = Base.lproj/LaunchScreen.storyboard; sourceTree = "<group>"; };
		AEE23A692A3292E800332980 /* Info.plist */ = {isa = PBXFileReference; lastKnownFileType = text.plist.xml; path = Info.plist; sourceTree = "<group>"; };
		AEE23A6E2A3292E800332980 /* SigmaSquadTests.xctest */ = {isa = PBXFileReference; explicitFileType = wrapper.cfbundle; includeInIndex = 0; path = SigmaSquadTests.xctest; sourceTree = BUILT_PRODUCTS_DIR; };
		AEE23A722A3292E800332980 /* SigmaSquadTests.swift */ = {isa = PBXFileReference; lastKnownFileType = sourcecode.swift; path = SigmaSquadTests.swift; sourceTree = "<group>"; };
		AEE23A782A3292E800332980 /* SigmaSquadUITests.xctest */ = {isa = PBXFileReference; explicitFileType = wrapper.cfbundle; includeInIndex = 0; path = SigmaSquadUITests.xctest; sourceTree = BUILT_PRODUCTS_DIR; };
		AEE23A7C2A3292E800332980 /* SigmaSquadUITests.swift */ = {isa = PBXFileReference; lastKnownFileType = sourcecode.swift; path = SigmaSquadUITests.swift; sourceTree = "<group>"; };
		AEE23A7E2A3292E800332980 /* SigmaSquadUITestsLaunchTests.swift */ = {isa = PBXFileReference; lastKnownFileType = sourcecode.swift; path = SigmaSquadUITestsLaunchTests.swift; sourceTree = "<group>"; };
/* End PBXFileReference section */

/* Begin PBXFrameworksBuildPhase section */
		AEE23A552A3292E400332980 /* Frameworks */ = {
			isa = PBXFrameworksBuildPhase;
			buildActionMask = 2147483647;
			files = (
			);
			runOnlyForDeploymentPostprocessing = 0;
		};
		AEE23A6B2A3292E800332980 /* Frameworks */ = {
			isa = PBXFrameworksBuildPhase;
			buildActionMask = 2147483647;
			files = (
			);
			runOnlyForDeploymentPostprocessing = 0;
		};
		AEE23A752A3292E800332980 /* Frameworks */ = {
			isa = PBXFrameworksBuildPhase;
			buildActionMask = 2147483647;
			files = (
			);
			runOnlyForDeploymentPostprocessing = 0;
		};
/* End PBXFrameworksBuildPhase section */

/* Begin PBXGroup section */
		AEE23A4F2A3292E300332980 = {
			isa = PBXGroup;
			children = (
				AEE23A5A2A3292E400332980 /* SigmaSquad */,
				AEE23A712A3292E800332980 /* SigmaSquadTests */,
				AEE23A7B2A3292E800332980 /* SigmaSquadUITests */,
				AEE23A592A3292E400332980 /* Products */,
			);
			sourceTree = "<group>";
		};
		AEE23A592A3292E400332980 /* Products */ = {
			isa = PBXGroup;
			children = (
				AEE23A582A3292E400332980 /* SigmaSquad.app */,
				AEE23A6E2A3292E800332980 /* SigmaSquadTests.xctest */,
				AEE23A782A3292E800332980 /* SigmaSquadUITests.xctest */,
			);
			name = Products;
			sourceTree = "<group>";
		};
		AEE23A5A2A3292E400332980 /* SigmaSquad */ = {
			isa = PBXGroup;
			children = (
				AEE23A5B2A3292E400332980 /* AppDelegate.swift */,
				AEE23A5D2A3292E400332980 /* SceneDelegate.swift */,
				AEE23A5F2A3292E400332980 /* ViewController.swift */,
				AEE23A612A3292E400332980 /* Main.storyboard */,
				AEE23A642A3292E800332980 /* Assets.xcassets */,
				AEE23A662A3292E800332980 /* LaunchScreen.storyboard */,
				AEE23A692A3292E800332980 /* Info.plist */,
			);
			path = SigmaSquad;
			sourceTree = "<group>";
		};
		AEE23A712A3292E800332980 /* SigmaSquadTests */ = {
			isa = PBXGroup;
			children = (
				AEE23A722A3292E800332980 /* SigmaSquadTests.swift */,
			);
			path = SigmaSquadTests;
			sourceTree = "<group>";
		};
		AEE23A7B2A3292E800332980 /* SigmaSquadUITests */ = {
			isa = PBXGroup;
			children = (
				AEE23A7C2A3292E800332980 /* SigmaSquadUITests.swift */,
				AEE23A7E2A3292E800332980 /* SigmaSquadUITestsLaunchTests.swift */,
			);
			path = SigmaSquadUITests;
			sourceTree = "<group>";
		};
/* End PBXGroup section */

/* Begin PBXNativeTarget section */
		AEE23A572A3292E400332980 /* SigmaSquad */ = {
			isa = PBXNativeTarget;
			buildConfigurationList = AEE23A822A3292E800332980 /* Build configuration list for PBXNativeTarget "SigmaSquad" */;
			buildPhases = (
				AEE23A542A3292E400332980 /* Sources */,
				AEE23A552A3292E400332980 /* Frameworks */,
				AEE23A562A3292E400332980 /* Resources */,
			);
			buildRules = (
			);
			dependencies = (
			);
			name = SigmaSquad;
			productName = SigmaSquad;
			productReference = AEE23A582A3292E400332980 /* SigmaSquad.app */;
			productType = "com.apple.product-type.application";
		};
		AEE23A6D2A3292E800332980 /* SigmaSquadTests */ = {
			isa = PBXNativeTarget;
			buildConfigurationList = AEE23A852A3292E800332980 /* Build configuration list for PBXNativeTarget "SigmaSquadTests" */;
			buildPhases = (
				AEE23A6A2A3292E800332980 /* Sources */,
				AEE23A6B2A3292E800332980 /* Frameworks */,
				AEE23A6C2A3292E800332980 /* Resources */,
			);
			buildRules = (
			);
			dependencies = (
				AEE23A702A3292E800332980 /* PBXTargetDependency */,
			);
			name = SigmaSquadTests;
			productName = SigmaSquadTests;
			productReference = AEE23A6E2A3292E800332980 /* SigmaSquadTests.xctest */;
			productType = "com.apple.product-type.bundle.unit-test";
		};
		AEE23A772A3292E800332980 /* SigmaSquadUITests */ = {
			isa = PBXNativeTarget;
			buildConfigurationList = AEE23A882A3292E800332980 /* Build configuration list for PBXNativeTarget "SigmaSquadUITests" */;
			buildPhases = (
				AEE23A742A3292E800332980 /* Sources */,
				AEE23A752A3292E800332980 /* Frameworks */,
				AEE23A762A3292E800332980 /* Resources */,
			);
			buildRules = (
			);
			dependencies = (
				AEE23A7A2A3292E800332980 /* PBXTargetDependency */,
			);
			name = SigmaSquadUITests;
			productName = SigmaSquadUITests;
			productReference = AEE23A782A3292E800332980 /* SigmaSquadUITests.xctest */;
			productType = "com.apple.product-type.bundle.ui-testing";
		};
/* End PBXNativeTarget section */

/* Begin PBXProject section */
		AEE23A502A3292E300332980 /* Project object */ = {
			isa = PBXProject;
			attributes = {
				BuildIndependentTargetsInParallel = 1;
				LastSwiftUpdateCheck = 1430;
				LastUpgradeCheck = 1430;
				TargetAttributes = {
					AEE23A572A3292E400332980 = {
						CreatedOnToolsVersion = 14.3;
					};
					AEE23A6D2A3292E800332980 = {
						CreatedOnToolsVersion = 14.3;
						TestTargetID = AEE23A572A3292E400332980;
					};
					AEE23A772A3292E800332980 = {
						CreatedOnToolsVersion = 14.3;
						TestTargetID = AEE23A572A3292E400332980;
					};
				};
			};
			buildConfigurationList = AEE23A532A3292E300332980 /* Build configuration list for PBXProject "SigmaSquad" */;
			compatibilityVersion = "Xcode 14.0";
			developmentRegion = en;
			hasScannedForEncodings = 0;
			knownRegions = (
				en,
				Base,
			);
			mainGroup = AEE23A4F2A3292E300332980;
			productRefGroup = AEE23A592A3292E400332980 /* Products */;
			projectDirPath = "";
			projectRoot = "";
			targets = (
				AEE23A572A3292E400332980 /* SigmaSquad */,
				AEE23A6D2A3292E800332980 /* SigmaSquadTests */,
				AEE23A772A3292E800332980 /* SigmaSquadUITests */,
			);
		};
/* End PBXProject section */

/* Begin PBXResourcesBuildPhase section */
		AEE23A562A3292E400332980 /* Resources */ = {
			isa = PBXResourcesBuildPhase;
			buildActionMask = 2147483647;
			files = (
				AEE23A682A3292E800332980 /* LaunchScreen.storyboard in Resources */,
				AEE23A652A3292E800332980 /* Assets.xcassets in Resources */,
				AEE23A632A3292E400332980 /* Main.storyboard in Resources */,
			);
			runOnlyForDeploymentPostprocessing = 0;
		};
		AEE23A6C2A3292E800332980 /* Resources */ = {
			isa = PBXResourcesBuildPhase;
			buildActionMask = 2147483647;
			files = (
			);
			runOnlyForDeploymentPostprocessing = 0;
		};
		AEE23A762A3292E800332980 /* Resources */ = {
			isa = PBXResourcesBuildPhase;
			buildActionMask = 2147483647;
			files = (
			);
			runOnlyForDeploymentPostprocessing = 0;
		};
/* End PBXResourcesBuildPhase section */

/* Begin PBXSourcesBuildPhase section */
		AEE23A542A3292E400332980 /* Sources */ = {
			isa = PBXSourcesBuildPhase;
			buildActionMask = 2147483647;
			files = (
				AEE23A602A3292E400332980 /* ViewController.swift in Sources */,
				AEE23A5C2A3292E400332980 /* AppDelegate.swift in Sources */,
				AEE23A5E2A3292E400332980 /* SceneDelegate.swift in Sources */,
			);
			runOnlyForDeploymentPostprocessing = 0;
		};
		AEE23A6A2A3292E800332980 /* Sources */ = {
			isa = PBXSourcesBuildPhase;
			buildActionMask = 2147483647;
			files = (
				AEE23A732A3292E800332980 /* SigmaSquadTests.swift in Sources */,
			);
			runOnlyForDeploymentPostprocessing = 0;
		};
		AEE23A742A3292E800332980 /* Sources */ = {
			isa = PBXSourcesBuildPhase;
			buildActionMask = 2147483647;
			files = (
				AEE23A7D2A3292E800332980 /* SigmaSquadUITests.swift in Sources */,
				AEE23A7F2A3292E800332980 /* SigmaSquadUITestsLaunchTests.swift in Sources */,
			);
			runOnlyForDeploymentPostprocessing = 0;
		};
/* End PBXSourcesBuildPhase section */

/* Begin PBXTargetDependency section */
		AEE23A702A3292E800332980 /* PBXTargetDependency */ = {
			isa = PBXTargetDependency;
			target = AEE23A572A3292E400332980 /* SigmaSquad */;
			targetProxy = AEE23A6F2A3292E800332980 /* PBXContainerItemProxy */;
		};
		AEE23A7A2A3292E800332980 /* PBXTargetDependency */ = {
			isa = PBXTargetDependency;
			target = AEE23A572A3292E400332980 /* SigmaSquad */;
			targetProxy = AEE23A792A3292E800332980 /* PBXContainerItemProxy */;
		};
/* End PBXTargetDependency section */

/* Begin PBXVariantGroup section */
		AEE23A612A3292E400332980 /* Main.storyboard */ = {
			isa = PBXVariantGroup;
			children = (
				AEE23A622A3292E400332980 /* Base */,
			);
			name = Main.storyboard;
			sourceTree = "<group>";
		};
		AEE23A662A3292E800332980 /* LaunchScreen.storyboard */ = {
			isa = PBXVariantGroup;
			children = (
				AEE23A672A3292E800332980 /* Base */,
			);
			name = LaunchScreen.storyboard;
			sourceTree = "<group>";
		};
/* End PBXVariantGroup section */

/* Begin XCBuildConfiguration section */
		AEE23A802A3292E800332980 /* Debug */ = {
			isa = XCBuildConfiguration;
			buildSettings = {
				ALWAYS_SEARCH_USER_PATHS = NO;
				CLANG_ANALYZER_NONNULL = YES;
				CLANG_ANALYZER_NUMBER_OBJECT_CONVERSION = YES_AGGRESSIVE;
				CLANG_CXX_LANGUAGE_STANDARD = "gnu++20";
				CLANG_ENABLE_MODULES = YES;
				CLANG_ENABLE_OBJC_ARC = YES;
				CLANG_ENABLE_OBJC_WEAK = YES;
				CLANG_WARN_BLOCK_CAPTURE_AUTORELEASING = YES;
				CLANG_WARN_BOOL_CONVERSION = YES;
				CLANG_WARN_COMMA = YES;
				CLANG_WARN_CONSTANT_CONVERSION = YES;
				CLANG_WARN_DEPRECATED_OBJC_IMPLEMENTATIONS = YES;
				CLANG_WARN_DIRECT_OBJC_ISA_USAGE = YES_ERROR;
				CLANG_WARN_DOCUMENTATION_COMMENTS = YES;
				CLANG_WARN_EMPTY_BODY = YES;
				CLANG_WARN_ENUM_CONVERSION = YES;
				CLANG_WARN_INFINITE_RECURSION = YES;
				CLANG_WARN_INT_CONVERSION = YES;
				CLANG_WARN_NON_LITERAL_NULL_CONVERSION = YES;
				CLANG_WARN_OBJC_IMPLICIT_RETAIN_SELF = YES;
				CLANG_WARN_OBJC_LITERAL_CONVERSION = YES;
				CLANG_WARN_OBJC_ROOT_CLASS = YES_ERROR;
				CLANG_WARN_QUOTED_INCLUDE_IN_FRAMEWORK_HEADER = YES;
				CLANG_WARN_RANGE_LOOP_ANALYSIS = YES;
				CLANG_WARN_STRICT_PROTOTYPES = YES;
				CLANG_WARN_SUSPICIOUS_MOVE = YES;
				CLANG_WARN_UNGUARDED_AVAILABILITY = YES_AGGRESSIVE;
				CLANG_WARN_UNREACHABLE_CODE = YES;
				CLANG_WARN__DUPLICATE_METHOD_MATCH = YES;
				COPY_PHASE_STRIP = NO;
				DEBUG_INFORMATION_FORMAT = dwarf;
				ENABLE_STRICT_OBJC_MSGSEND = YES;
				ENABLE_TESTABILITY = YES;
				GCC_C_LANGUAGE_STANDARD = gnu11;
				GCC_DYNAMIC_NO_PIC = NO;
				GCC_NO_COMMON_BLOCKS = YES;
				GCC_OPTIMIZATION_LEVEL = 0;
				GCC_PREPROCESSOR_DEFINITIONS = (
					"DEBUG=1",
					"$(inherited)",
				);
				GCC_WARN_64_TO_32_BIT_CONVERSION = YES;
				GCC_WARN_ABOUT_RETURN_TYPE = YES_ERROR;
				GCC_WARN_UNDECLARED_SELECTOR = YES;
				GCC_WARN_UNINITIALIZED_AUTOS = YES_AGGRESSIVE;
				GCC_WARN_UNUSED_FUNCTION = YES;
				GCC_WARN_UNUSED_VARIABLE = YES;
				IPHONEOS_DEPLOYMENT_TARGET = 16.4;
				MTL_ENABLE_DEBUG_INFO = INCLUDE_SOURCE;
				MTL_FAST_MATH = YES;
				ONLY_ACTIVE_ARCH = YES;
				SDKROOT = iphoneos;
				SWIFT_ACTIVE_COMPILATION_CONDITIONS = DEBUG;
				SWIFT_OPTIMIZATION_LEVEL = "-Onone";
			};
			name = Debug;
		};
		AEE23A812A3292E800332980 /* Release */ = {
			isa = XCBuildConfiguration;
			buildSettings = {
				ALWAYS_SEARCH_USER_PATHS = NO;
				CLANG_ANALYZER_NONNULL = YES;
				CLANG_ANALYZER_NUMBER_OBJECT_CONVERSION = YES_AGGRESSIVE;
				CLANG_CXX_LANGUAGE_STANDARD = "gnu++20";
				CLANG_ENABLE_MODULES = YES;
				CLANG_ENABLE_OBJC_ARC = YES;
				CLANG_ENABLE_OBJC_WEAK = YES;
				CLANG_WARN_BLOCK_CAPTURE_AUTORELEASING = YES;
				CLANG_WARN_BOOL_CONVERSION = YES;
				CLANG_WARN_COMMA = YES;
				CLANG_WARN_CONSTANT_CONVERSION = YES;
				CLANG_WARN_DEPRECATED_OBJC_IMPLEMENTATIONS = YES;
				CLANG_WARN_DIRECT_OBJC_ISA_USAGE = YES_ERROR;
				CLANG_WARN_DOCUMENTATION_COMMENTS = YES;
				CLANG_WARN_EMPTY_BODY = YES;
				CLANG_WARN_ENUM_CONVERSION = YES;
				CLANG_WARN_INFINITE_RECURSION = YES;
				CLANG_WARN_INT_CONVERSION = YES;
				CLANG_WARN_NON_LITERAL_NULL_CONVERSION = YES;
				CLANG_WARN_OBJC_IMPLICIT_RETAIN_SELF = YES;
				CLANG_WARN_OBJC_LITERAL_CONVERSION = YES;
				CLANG_WARN_OBJC_ROOT_CLASS = YES_ERROR;
				CLANG_WARN_QUOTED_INCLUDE_IN_FRAMEWORK_HEADER = YES;
				CLANG_WARN_RANGE_LOOP_ANALYSIS = YES;
				CLANG_WARN_STRICT_PROTOTYPES = YES;
				CLANG_WARN_SUSPICIOUS_MOVE = YES;
				CLANG_WARN_UNGUARDED_AVAILABILITY = YES_AGGRESSIVE;
				CLANG_WARN_UNREACHABLE_CODE = YES;
				CLANG_WARN__DUPLICATE_METHOD_MATCH = YES;
				COPY_PHASE_STRIP = NO;
				DEBUG_INFORMATION_FORMAT = "dwarf-with-dsym";
				ENABLE_NS_ASSERTIONS = NO;
				ENABLE_STRICT_OBJC_MSGSEND = YES;
				GCC_C_LANGUAGE_STANDARD = gnu11;
				GCC_NO_COMMON_BLOCKS = YES;
				GCC_WARN_64_TO_32_BIT_CONVERSION = YES;
				GCC_WARN_ABOUT_RETURN_TYPE = YES_ERROR;
				GCC_WARN_UNDECLARED_SELECTOR = YES;
				GCC_WARN_UNINITIALIZED_AUTOS = YES_AGGRESSIVE;
				GCC_WARN_UNUSED_FUNCTION = YES;
				GCC_WARN_UNUSED_VARIABLE = YES;
				IPHONEOS_DEPLOYMENT_TARGET = 16.4;
				MTL_ENABLE_DEBUG_INFO = NO;
				MTL_FAST_MATH = YES;
				SDKROOT = iphoneos;
				SWIFT_COMPILATION_MODE = wholemodule;
				SWIFT_OPTIMIZATION_LEVEL = "-O";
				VALIDATE_PRODUCT = YES;
			};
			name = Release;
		};
		AEE23A832A3292E800332980 /* Debug */ = {
			isa = XCBuildConfiguration;
			buildSettings = {
				ASSETCATALOG_COMPILER_APPICON_NAME = AppIcon;
				ASSETCATALOG_COMPILER_GLOBAL_ACCENT_COLOR_NAME = AccentColor;
				CODE_SIGN_STYLE = Automatic;
				CURRENT_PROJECT_VERSION = 1;
				DEVELOPMENT_TEAM = 99YA79QAFC;
				GENERATE_INFOPLIST_FILE = YES;
				INFOPLIST_FILE = SigmaSquad/Info.plist;
				INFOPLIST_KEY_UIApplicationSupportsIndirectInputEvents = YES;
				INFOPLIST_KEY_UILaunchStoryboardName = LaunchScreen;
				INFOPLIST_KEY_UIMainStoryboardFile = Main;
				INFOPLIST_KEY_UIStatusBarStyle = "";
				INFOPLIST_KEY_UISupportedInterfaceOrientations_iPad = "UIInterfaceOrientationPortrait UIInterfaceOrientationPortraitUpsideDown UIInterfaceOrientationLandscapeLeft UIInterfaceOrientationLandscapeRight";
				INFOPLIST_KEY_UISupportedInterfaceOrientations_iPhone = "UIInterfaceOrientationPortrait UIInterfaceOrientationLandscapeLeft UIInterfaceOrientationLandscapeRight";
				LD_RUNPATH_SEARCH_PATHS = (
					"$(inherited)",
					"@executable_path/Frameworks",
				);
				MARKETING_VERSION = 1.0;
				PRODUCT_BUNDLE_IDENTIFIER = com.kavin.SigmaSquad;
				PRODUCT_NAME = "$(TARGET_NAME)";
				SWIFT_EMIT_LOC_STRINGS = YES;
				SWIFT_VERSION = 5.0;
				TARGETED_DEVICE_FAMILY = "1,2";
			};
			name = Debug;
		};
		AEE23A842A3292E800332980 /* Release */ = {
			isa = XCBuildConfiguration;
			buildSettings = {
				ASSETCATALOG_COMPILER_APPICON_NAME = AppIcon;
				ASSETCATALOG_COMPILER_GLOBAL_ACCENT_COLOR_NAME = AccentColor;
				CODE_SIGN_STYLE = Automatic;
				CURRENT_PROJECT_VERSION = 1;
				DEVELOPMENT_TEAM = 99YA79QAFC;
				GENERATE_INFOPLIST_FILE = YES;
				INFOPLIST_FILE = SigmaSquad/Info.plist;
				INFOPLIST_KEY_UIApplicationSupportsIndirectInputEvents = YES;
				INFOPLIST_KEY_UILaunchStoryboardName = LaunchScreen;
				INFOPLIST_KEY_UIMainStoryboardFile = Main;
				INFOPLIST_KEY_UIStatusBarStyle = "";
				INFOPLIST_KEY_UISupportedInterfaceOrientations_iPad = "UIInterfaceOrientationPortrait UIInterfaceOrientationPortraitUpsideDown UIInterfaceOrientationLandscapeLeft UIInterfaceOrientationLandscapeRight";
				INFOPLIST_KEY_UISupportedInterfaceOrientations_iPhone = "UIInterfaceOrientationPortrait UIInterfaceOrientationLandscapeLeft UIInterfaceOrientationLandscapeRight";
				LD_RUNPATH_SEARCH_PATHS = (
					"$(inherited)",
					"@executable_path/Frameworks",
				);
				MARKETING_VERSION = 1.0;
				PRODUCT_BUNDLE_IDENTIFIER = com.kavin.SigmaSquad;
				PRODUCT_NAME = "$(TARGET_NAME)";
				SWIFT_EMIT_LOC_STRINGS = YES;
				SWIFT_VERSION = 5.0;
				TARGETED_DEVICE_FAMILY = "1,2";
			};
			name = Release;
		};
		AEE23A862A3292E800332980 /* Debug */ = {
			isa = XCBuildConfiguration;
			buildSettings = {
				ALWAYS_EMBED_SWIFT_STANDARD_LIBRARIES = YES;
				BUNDLE_LOADER = "$(TEST_HOST)";
				CODE_SIGN_STYLE = Automatic;
				CURRENT_PROJECT_VERSION = 1;
				DEVELOPMENT_TEAM = 99YA79QAFC;
				GENERATE_INFOPLIST_FILE = YES;
				IPHONEOS_DEPLOYMENT_TARGET = 16.4;
				MARKETING_VERSION = 1.0;
				PRODUCT_BUNDLE_IDENTIFIER = com.kavin.SigmaSquadTests;
				PRODUCT_NAME = "$(TARGET_NAME)";
				SWIFT_EMIT_LOC_STRINGS = NO;
				SWIFT_VERSION = 5.0;
				TARGETED_DEVICE_FAMILY = "1,2";
				TEST_HOST = "$(BUILT_PRODUCTS_DIR)/SigmaSquad.app/$(BUNDLE_EXECUTABLE_FOLDER_PATH)/SigmaSquad";
			};
			name = Debug;
		};
		AEE23A872A3292E800332980 /* Release */ = {
			isa = XCBuildConfiguration;
			buildSettings = {
				ALWAYS_EMBED_SWIFT_STANDARD_LIBRARIES = YES;
				BUNDLE_LOADER = "$(TEST_HOST)";
				CODE_SIGN_STYLE = Automatic;
				CURRENT_PROJECT_VERSION = 1;
				DEVELOPMENT_TEAM = 99YA79QAFC;
				GENERATE_INFOPLIST_FILE = YES;
				IPHONEOS_DEPLOYMENT_TARGET = 16.4;
				MARKETING_VERSION = 1.0;
				PRODUCT_BUNDLE_IDENTIFIER = com.kavin.SigmaSquadTests;
				PRODUCT_NAME = "$(TARGET_NAME)";
				SWIFT_EMIT_LOC_STRINGS = NO;
				SWIFT_VERSION = 5.0;
				TARGETED_DEVICE_FAMILY = "1,2";
				TEST_HOST = "$(BUILT_PRODUCTS_DIR)/SigmaSquad.app/$(BUNDLE_EXECUTABLE_FOLDER_PATH)/SigmaSquad";
			};
			name = Release;
		};
		AEE23A892A3292E800332980 /* Debug */ = {
			isa = XCBuildConfiguration;
			buildSettings = {
				ALWAYS_EMBED_SWIFT_STANDARD_LIBRARIES = YES;
				CODE_SIGN_STYLE = Automatic;
				CURRENT_PROJECT_VERSION = 1;
				DEVELOPMENT_TEAM = 99YA79QAFC;
				GENERATE_INFOPLIST_FILE = YES;
				MARKETING_VERSION = 1.0;
				PRODUCT_BUNDLE_IDENTIFIER = com.kavin.SigmaSquadUITests;
				PRODUCT_NAME = "$(TARGET_NAME)";
				SWIFT_EMIT_LOC_STRINGS = NO;
				SWIFT_VERSION = 5.0;
				TARGETED_DEVICE_FAMILY = "1,2";
				TEST_TARGET_NAME = SigmaSquad;
			};
			name = Debug;
		};
		AEE23A8A2A3292E800332980 /* Release */ = {
			isa = XCBuildConfiguration;
			buildSettings = {
				ALWAYS_EMBED_SWIFT_STANDARD_LIBRARIES = YES;
				CODE_SIGN_STYLE = Automatic;
				CURRENT_PROJECT_VERSION = 1;
				DEVELOPMENT_TEAM = 99YA79QAFC;
				GENERATE_INFOPLIST_FILE = YES;
				MARKETING_VERSION = 1.0;
				PRODUCT_BUNDLE_IDENTIFIER = com.kavin.SigmaSquadUITests;
				PRODUCT_NAME = "$(TARGET_NAME)";
				SWIFT_EMIT_LOC_STRINGS = NO;
				SWIFT_VERSION = 5.0;
				TARGETED_DEVICE_FAMILY = "1,2";
				TEST_TARGET_NAME = SigmaSquad;
			};
			name = Release;
		};
/* End XCBuildConfiguration section */

/* Begin XCConfigurationList section */
		AEE23A532A3292E300332980 /* Build configuration list for PBXProject "SigmaSquad" */ = {
			isa = XCConfigurationList;
			buildConfigurations = (
				AEE23A802A3292E800332980 /* Debug */,
				AEE23A812A3292E800332980 /* Release */,
			);
			defaultConfigurationIsVisible = 0;
			defaultConfigurationName = Release;
		};
		AEE23A822A3292E800332980 /* Build configuration list for PBXNativeTarget "SigmaSquad" */ = {
			isa = XCConfigurationList;
			buildConfigurations = (
				AEE23A832A3292E800332980 /* Debug */,
				AEE23A842A3292E800332980 /* Release */,
			);
			defaultConfigurationIsVisible = 0;
			defaultConfigurationName = Release;
		};
		AEE23A852A3292E800332980 /* Build configuration list for PBXNativeTarget "SigmaSquadTests" */ = {
			isa = XCConfigurationList;
			buildConfigurations = (
				AEE23A862A3292E800332980 /* Debug */,
				AEE23A872A3292E800332980 /* Release */,
			);
			defaultConfigurationIsVisible = 0;
			defaultConfigurationName = Release;
		};
		AEE23A882A3292E800332980 /* Build configuration list for PBXNativeTarget "SigmaSquadUITests" */ = {
			isa = XCConfigurationList;
			buildConfigurations = (
				AEE23A892A3292E800332980 /* Debug */,
				AEE23A8A2A3292E800332980 /* Release */,
			);
			defaultConfigurationIsVisible = 0;
			defaultConfigurationName = Release;
		};
/* End XCConfigurationList section */
	};
	rootObject = AEE23A502A3292E300332980 /* Project object */;
}
